// !$*UTF8*$!
{
	archiveVersion = 1;
	classes = {
	};
	objectVersion = 48;
	objects = {

/* Begin PBXBuildFile section */
		7511B5BA1FA863AA0056A115 /* AppDelegate.swift in Sources */ = {isa = PBXBuildFile; fileRef = 7511B5B91FA863AA0056A115 /* AppDelegate.swift */; };
		7511B5BC1FA863AA0056A115 /* ViewController.swift in Sources */ = {isa = PBXBuildFile; fileRef = 7511B5BB1FA863AA0056A115 /* ViewController.swift */; };
		7511B5BF1FA863AA0056A115 /* Main.storyboard in Resources */ = {isa = PBXBuildFile; fileRef = 7511B5BD1FA863AA0056A115 /* Main.storyboard */; };
		7511B5C11FA863AA0056A115 /* Assets.xcassets in Resources */ = {isa = PBXBuildFile; fileRef = 7511B5C01FA863AA0056A115 /* Assets.xcassets */; };
		7511B5C41FA863AA0056A115 /* LaunchScreen.storyboard in Resources */ = {isa = PBXBuildFile; fileRef = 7511B5C21FA863AA0056A115 /* LaunchScreen.storyboard */; };
		7511B5CF1FA863AA0056A115 /* DivaNails2Tests.swift in Sources */ = {isa = PBXBuildFile; fileRef = 7511B5CE1FA863AA0056A115 /* DivaNails2Tests.swift */; };
		7511B5DA1FA863AA0056A115 /* DivaNails2UITests.swift in Sources */ = {isa = PBXBuildFile; fileRef = 7511B5D91FA863AA0056A115 /* DivaNails2UITests.swift */; };
		7511B5EA1FA865610056A115 /* Category.swift in Sources */ = {isa = PBXBuildFile; fileRef = 7511B5E91FA865610056A115 /* Category.swift */; };
		7511B5EC1FA865AD0056A115 /* Images.swift in Sources */ = {isa = PBXBuildFile; fileRef = 7511B5EB1FA865AD0056A115 /* Images.swift */; };
		7511B5F01FA866880056A115 /* CategoryCellTableViewCell.swift in Sources */ = {isa = PBXBuildFile; fileRef = 7511B5EF1FA866880056A115 /* CategoryCellTableViewCell.swift */; };
		75542F091FA92A8C006D1C70 /* ImageCollectionViewCell.swift in Sources */ = {isa = PBXBuildFile; fileRef = 75542F081FA92A8C006D1C70 /* ImageCollectionViewCell.swift */; };
		75542F0B1FA92BCB006D1C70 /* ImageViewController.swift in Sources */ = {isa = PBXBuildFile; fileRef = 75542F0A1FA92BCB006D1C70 /* ImageViewController.swift */; };
		757F922E1FAAB77A00E205E3 /* LargeImageViewController.swift in Sources */ = {isa = PBXBuildFile; fileRef = 757F922D1FAAB77A00E205E3 /* LargeImageViewController.swift */; };
/* End PBXBuildFile section */

/* Begin PBXContainerItemProxy section */
		7511B5CB1FA863AA0056A115 /* PBXContainerItemProxy */ = {
			isa = PBXContainerItemProxy;
			containerPortal = 7511B5AE1FA863AA0056A115 /* Project object */;
			proxyType = 1;
			remoteGlobalIDString = 7511B5B51FA863AA0056A115;
			remoteInfo = DivaNails2;
		};
		7511B5D61FA863AA0056A115 /* PBXContainerItemProxy */ = {
			isa = PBXContainerItemProxy;
			containerPortal = 7511B5AE1FA863AA0056A115 /* Project object */;
			proxyType = 1;
			remoteGlobalIDString = 7511B5B51FA863AA0056A115;
			remoteInfo = DivaNails2;
		};
/* End PBXContainerItemProxy section */

/* Begin PBXFileReference section */
		7511B5B61FA863AA0056A115 /* ThinkNails.app */ = {isa = PBXFileReference; explicitFileType = wrapper.application; includeInIndex = 0; path = ThinkNails.app; sourceTree = BUILT_PRODUCTS_DIR; };
		7511B5B91FA863AA0056A115 /* AppDelegate.swift */ = {isa = PBXFileReference; lastKnownFileType = sourcecode.swift; path = AppDelegate.swift; sourceTree = "<group>"; };
		7511B5BB1FA863AA0056A115 /* ViewController.swift */ = {isa = PBXFileReference; lastKnownFileType = sourcecode.swift; path = ViewController.swift; sourceTree = "<group>"; };
		7511B5BE1FA863AA0056A115 /* Base */ = {isa = PBXFileReference; lastKnownFileType = file.storyboard; name = Base; path = Base.lproj/Main.storyboard; sourceTree = "<group>"; };
		7511B5C01FA863AA0056A115 /* Assets.xcassets */ = {isa = PBXFileReference; lastKnownFileType = folder.assetcatalog; path = Assets.xcassets; sourceTree = "<group>"; };
		7511B5C31FA863AA0056A115 /* Base */ = {isa = PBXFileReference; lastKnownFileType = file.storyboard; name = Base; path = Base.lproj/LaunchScreen.storyboard; sourceTree = "<group>"; };
		7511B5C51FA863AA0056A115 /* Info.plist */ = {isa = PBXFileReference; lastKnownFileType = text.plist.xml; path = Info.plist; sourceTree = "<group>"; };
		7511B5CA1FA863AA0056A115 /* ThinkNailsTests.xctest */ = {isa = PBXFileReference; explicitFileType = wrapper.cfbundle; includeInIndex = 0; path = ThinkNailsTests.xctest; sourceTree = BUILT_PRODUCTS_DIR; };
		7511B5CE1FA863AA0056A115 /* DivaNails2Tests.swift */ = {isa = PBXFileReference; lastKnownFileType = sourcecode.swift; path = DivaNails2Tests.swift; sourceTree = "<group>"; };
		7511B5D01FA863AA0056A115 /* Info.plist */ = {isa = PBXFileReference; lastKnownFileType = text.plist.xml; path = Info.plist; sourceTree = "<group>"; };
		7511B5D51FA863AA0056A115 /* ThinkNailsUITests.xctest */ = {isa = PBXFileReference; explicitFileType = wrapper.cfbundle; includeInIndex = 0; path = ThinkNailsUITests.xctest; sourceTree = BUILT_PRODUCTS_DIR; };
		7511B5D91FA863AA0056A115 /* DivaNails2UITests.swift */ = {isa = PBXFileReference; lastKnownFileType = sourcecode.swift; path = DivaNails2UITests.swift; sourceTree = "<group>"; };
		7511B5DB1FA863AA0056A115 /* Info.plist */ = {isa = PBXFileReference; lastKnownFileType = text.plist.xml; path = Info.plist; sourceTree = "<group>"; };
		7511B5E91FA865610056A115 /* Category.swift */ = {isa = PBXFileReference; lastKnownFileType = sourcecode.swift; path = Category.swift; sourceTree = "<group>"; };
		7511B5EB1FA865AD0056A115 /* Images.swift */ = {isa = PBXFileReference; lastKnownFileType = sourcecode.swift; path = Images.swift; sourceTree = "<group>"; };
		7511B5EF1FA866880056A115 /* CategoryCellTableViewCell.swift */ = {isa = PBXFileReference; lastKnownFileType = sourcecode.swift; path = CategoryCellTableViewCell.swift; sourceTree = "<group>"; };
		75542F081FA92A8C006D1C70 /* ImageCollectionViewCell.swift */ = {isa = PBXFileReference; lastKnownFileType = sourcecode.swift; path = ImageCollectionViewCell.swift; sourceTree = "<group>"; };
		75542F0A1FA92BCB006D1C70 /* ImageViewController.swift */ = {isa = PBXFileReference; lastKnownFileType = sourcecode.swift; path = ImageViewController.swift; sourceTree = "<group>"; };
		757F922D1FAAB77A00E205E3 /* LargeImageViewController.swift */ = {isa = PBXFileReference; lastKnownFileType = sourcecode.swift; path = LargeImageViewController.swift; sourceTree = "<group>"; };
/* End PBXFileReference section */

/* Begin PBXFrameworksBuildPhase section */
		7511B5B31FA863AA0056A115 /* Frameworks */ = {
			isa = PBXFrameworksBuildPhase;
			buildActionMask = 2147483647;
			files = (
			);
			runOnlyForDeploymentPostprocessing = 0;
		};
		7511B5C71FA863AA0056A115 /* Frameworks */ = {
			isa = PBXFrameworksBuildPhase;
			buildActionMask = 2147483647;
			files = (
			);
			runOnlyForDeploymentPostprocessing = 0;
		};
		7511B5D21FA863AA0056A115 /* Frameworks */ = {
			isa = PBXFrameworksBuildPhase;
			buildActionMask = 2147483647;
			files = (
			);
			runOnlyForDeploymentPostprocessing = 0;
		};
/* End PBXFrameworksBuildPhase section */

/* Begin PBXGroup section */
		7511B5AD1FA863AA0056A115 = {
			isa = PBXGroup;
			children = (
				7511B5B81FA863AA0056A115 /* DivaNails2 */,
				7511B5CD1FA863AA0056A115 /* DivaNails2Tests */,
				7511B5D81FA863AA0056A115 /* DivaNails2UITests */,
				7511B5B71FA863AA0056A115 /* Products */,
			);
			sourceTree = "<group>";
		};
		7511B5B71FA863AA0056A115 /* Products */ = {
			isa = PBXGroup;
			children = (
				7511B5B61FA863AA0056A115 /* ThinkNails.app */,
				7511B5CA1FA863AA0056A115 /* ThinkNailsTests.xctest */,
				7511B5D51FA863AA0056A115 /* ThinkNailsUITests.xctest */,
			);
			name = Products;
			sourceTree = "<group>";
		};
		7511B5B81FA863AA0056A115 /* DivaNails2 */ = {
			isa = PBXGroup;
			children = (
				7511B5E71FA864BD0056A115 /* Model */,
				7511B5E81FA865050056A115 /* ViewController */,
				7511B5B91FA863AA0056A115 /* AppDelegate.swift */,
				7511B5BD1FA863AA0056A115 /* Main.storyboard */,
				7511B5C01FA863AA0056A115 /* Assets.xcassets */,
				7511B5C21FA863AA0056A115 /* LaunchScreen.storyboard */,
				7511B5C51FA863AA0056A115 /* Info.plist */,
			);
			path = DivaNails2;
			sourceTree = "<group>";
		};
		7511B5CD1FA863AA0056A115 /* DivaNails2Tests */ = {
			isa = PBXGroup;
			children = (
				7511B5CE1FA863AA0056A115 /* DivaNails2Tests.swift */,
				7511B5D01FA863AA0056A115 /* Info.plist */,
			);
			path = DivaNails2Tests;
			sourceTree = "<group>";
		};
		7511B5D81FA863AA0056A115 /* DivaNails2UITests */ = {
			isa = PBXGroup;
			children = (
				7511B5D91FA863AA0056A115 /* DivaNails2UITests.swift */,
				7511B5DB1FA863AA0056A115 /* Info.plist */,
			);
			path = DivaNails2UITests;
			sourceTree = "<group>";
		};
		7511B5E71FA864BD0056A115 /* Model */ = {
			isa = PBXGroup;
			children = (
				7511B5E91FA865610056A115 /* Category.swift */,
				7511B5EB1FA865AD0056A115 /* Images.swift */,
			);
			path = Model;
			sourceTree = "<group>";
		};
		7511B5E81FA865050056A115 /* ViewController */ = {
			isa = PBXGroup;
			children = (
				7511B5EF1FA866880056A115 /* CategoryCellTableViewCell.swift */,
				7511B5BB1FA863AA0056A115 /* ViewController.swift */,
				75542F081FA92A8C006D1C70 /* ImageCollectionViewCell.swift */,
				75542F0A1FA92BCB006D1C70 /* ImageViewController.swift */,
				757F922D1FAAB77A00E205E3 /* LargeImageViewController.swift */,
			);
			path = ViewController;
			sourceTree = "<group>";
		};
/* End PBXGroup section */

/* Begin PBXNativeTarget section */
		7511B5B51FA863AA0056A115 /* ThinkNails */ = {
			isa = PBXNativeTarget;
			buildConfigurationList = 7511B5DE1FA863AA0056A115 /* Build configuration list for PBXNativeTarget "ThinkNails" */;
			buildPhases = (
				7511B5B21FA863AA0056A115 /* Sources */,
				7511B5B31FA863AA0056A115 /* Frameworks */,
				7511B5B41FA863AA0056A115 /* Resources */,
			);
			buildRules = (
			);
			dependencies = (
			);
			name = ThinkNails;
			productName = DivaNails2;
			productReference = 7511B5B61FA863AA0056A115 /* ThinkNails.app */;
			productType = "com.apple.product-type.application";
		};
		7511B5C91FA863AA0056A115 /* ThinkNailsTests */ = {
			isa = PBXNativeTarget;
			buildConfigurationList = 7511B5E11FA863AA0056A115 /* Build configuration list for PBXNativeTarget "ThinkNailsTests" */;
			buildPhases = (
				7511B5C61FA863AA0056A115 /* Sources */,
				7511B5C71FA863AA0056A115 /* Frameworks */,
				7511B5C81FA863AA0056A115 /* Resources */,
			);
			buildRules = (
			);
			dependencies = (
				7511B5CC1FA863AA0056A115 /* PBXTargetDependency */,
			);
			name = ThinkNailsTests;
			productName = DivaNails2Tests;
			productReference = 7511B5CA1FA863AA0056A115 /* ThinkNailsTests.xctest */;
			productType = "com.apple.product-type.bundle.unit-test";
		};
		7511B5D41FA863AA0056A115 /* ThinkNailsUITests */ = {
			isa = PBXNativeTarget;
			buildConfigurationList = 7511B5E41FA863AA0056A115 /* Build configuration list for PBXNativeTarget "ThinkNailsUITests" */;
			buildPhases = (
				7511B5D11FA863AA0056A115 /* Sources */,
				7511B5D21FA863AA0056A115 /* Frameworks */,
				7511B5D31FA863AA0056A115 /* Resources */,
			);
			buildRules = (
			);
			dependencies = (
				7511B5D71FA863AA0056A115 /* PBXTargetDependency */,
			);
			name = ThinkNailsUITests;
			productName = DivaNails2UITests;
			productReference = 7511B5D51FA863AA0056A115 /* ThinkNailsUITests.xctest */;
			productType = "com.apple.product-type.bundle.ui-testing";
		};
/* End PBXNativeTarget section */

/* Begin PBXProject section */
		7511B5AE1FA863AA0056A115 /* Project object */ = {
			isa = PBXProject;
			attributes = {
				LastSwiftUpdateCheck = 0900;
				LastUpgradeCheck = 0900;
				ORGANIZATIONNAME = "Anna Shabalina";
				TargetAttributes = {
					7511B5B51FA863AA0056A115 = {
						CreatedOnToolsVersion = 9.0.1;
						ProvisioningStyle = Automatic;
					};
					7511B5C91FA863AA0056A115 = {
						CreatedOnToolsVersion = 9.0.1;
						ProvisioningStyle = Automatic;
						TestTargetID = 7511B5B51FA863AA0056A115;
					};
					7511B5D41FA863AA0056A115 = {
						CreatedOnToolsVersion = 9.0.1;
						ProvisioningStyle = Automatic;
						TestTargetID = 7511B5B51FA863AA0056A115;
					};
				};
			};
			buildConfigurationList = 7511B5B11FA863AA0056A115 /* Build configuration list for PBXProject "ThinkNails" */;
			compatibilityVersion = "Xcode 8.0";
			developmentRegion = en;
			hasScannedForEncodings = 0;
			knownRegions = (
				en,
				Base,
			);
			mainGroup = 7511B5AD1FA863AA0056A115;
			productRefGroup = 7511B5B71FA863AA0056A115 /* Products */;
			projectDirPath = "";
			projectRoot = "";
			targets = (
				7511B5B51FA863AA0056A115 /* ThinkNails */,
				7511B5C91FA863AA0056A115 /* ThinkNailsTests */,
				7511B5D41FA863AA0056A115 /* ThinkNailsUITests */,
			);
		};
/* End PBXProject section */

/* Begin PBXResourcesBuildPhase section */
		7511B5B41FA863AA0056A115 /* Resources */ = {
			isa = PBXResourcesBuildPhase;
			buildActionMask = 2147483647;
			files = (
				7511B5C41FA863AA0056A115 /* LaunchScreen.storyboard in Resources */,
				7511B5C11FA863AA0056A115 /* Assets.xcassets in Resources */,
				7511B5BF1FA863AA0056A115 /* Main.storyboard in Resources */,
			);
			runOnlyForDeploymentPostprocessing = 0;
		};
		7511B5C81FA863AA0056A115 /* Resources */ = {
			isa = PBXResourcesBuildPhase;
			buildActionMask = 2147483647;
			files = (
			);
			runOnlyForDeploymentPostprocessing = 0;
		};
		7511B5D31FA863AA0056A115 /* Resources */ = {
			isa = PBXResourcesBuildPhase;
			buildActionMask = 2147483647;
			files = (
			);
			runOnlyForDeploymentPostprocessing = 0;
		};
/* End PBXResourcesBuildPhase section */

/* Begin PBXSourcesBuildPhase section */
		7511B5B21FA863AA0056A115 /* Sources */ = {
			isa = PBXSourcesBuildPhase;
			buildActionMask = 2147483647;
			files = (
				7511B5BC1FA863AA0056A115 /* ViewController.swift in Sources */,
				7511B5EC1FA865AD0056A115 /* Images.swift in Sources */,
				75542F091FA92A8C006D1C70 /* ImageCollectionViewCell.swift in Sources */,
				75542F0B1FA92BCB006D1C70 /* ImageViewController.swift in Sources */,
				7511B5F01FA866880056A115 /* CategoryCellTableViewCell.swift in Sources */,
				7511B5BA1FA863AA0056A115 /* AppDelegate.swift in Sources */,
				757F922E1FAAB77A00E205E3 /* LargeImageViewController.swift in Sources */,
				7511B5EA1FA865610056A115 /* Category.swift in Sources */,
			);
			runOnlyForDeploymentPostprocessing = 0;
		};
		7511B5C61FA863AA0056A115 /* Sources */ = {
			isa = PBXSourcesBuildPhase;
			buildActionMask = 2147483647;
			files = (
				7511B5CF1FA863AA0056A115 /* DivaNails2Tests.swift in Sources */,
			);
			runOnlyForDeploymentPostprocessing = 0;
		};
		7511B5D11FA863AA0056A115 /* Sources */ = {
			isa = PBXSourcesBuildPhase;
			buildActionMask = 2147483647;
			files = (
				7511B5DA1FA863AA0056A115 /* DivaNails2UITests.swift in Sources */,
			);
			runOnlyForDeploymentPostprocessing = 0;
		};
/* End PBXSourcesBuildPhase section */

/* Begin PBXTargetDependency section */
		7511B5CC1FA863AA0056A115 /* PBXTargetDependency */ = {
			isa = PBXTargetDependency;
			target = 7511B5B51FA863AA0056A115 /* ThinkNails */;
			targetProxy = 7511B5CB1FA863AA0056A115 /* PBXContainerItemProxy */;
		};
		7511B5D71FA863AA0056A115 /* PBXTargetDependency */ = {
			isa = PBXTargetDependency;
			target = 7511B5B51FA863AA0056A115 /* ThinkNails */;
			targetProxy = 7511B5D61FA863AA0056A115 /* PBXContainerItemProxy */;
		};
/* End PBXTargetDependency section */

/* Begin PBXVariantGroup section */
		7511B5BD1FA863AA0056A115 /* Main.storyboard */ = {
			isa = PBXVariantGroup;
			children = (
				7511B5BE1FA863AA0056A115 /* Base */,
			);
			name = Main.storyboard;
			sourceTree = "<group>";
		};
		7511B5C21FA863AA0056A115 /* LaunchScreen.storyboard */ = {
			isa = PBXVariantGroup;
			children = (
				7511B5C31FA863AA0056A115 /* Base */,
			);
			name = LaunchScreen.storyboard;
			sourceTree = "<group>";
		};
/* End PBXVariantGroup section */

/* Begin XCBuildConfiguration section */
		7511B5DC1FA863AA0056A115 /* Debug */ = {
			isa = XCBuildConfiguration;
			buildSettings = {
				ALWAYS_SEARCH_USER_PATHS = NO;
				CLANG_ANALYZER_NONNULL = YES;
				CLANG_ANALYZER_NUMBER_OBJECT_CONVERSION = YES_AGGRESSIVE;
				CLANG_CXX_LANGUAGE_STANDARD = "gnu++14";
				CLANG_CXX_LIBRARY = "libc++";
				CLANG_ENABLE_MODULES = YES;
				CLANG_ENABLE_OBJC_ARC = YES;
				CLANG_WARN_BLOCK_CAPTURE_AUTORELEASING = YES;
				CLANG_WARN_BOOL_CONVERSION = YES;
				CLANG_WARN_COMMA = YES;
				CLANG_WARN_CONSTANT_CONVERSION = YES;
				CLANG_WARN_DIRECT_OBJC_ISA_USAGE = YES_ERROR;
				CLANG_WARN_DOCUMENTATION_COMMENTS = YES;
				CLANG_WARN_EMPTY_BODY = YES;
				CLANG_WARN_ENUM_CONVERSION = YES;
				CLANG_WARN_INFINITE_RECURSION = YES;
				CLANG_WARN_INT_CONVERSION = YES;
				CLANG_WARN_NON_LITERAL_NULL_CONVERSION = YES;
				CLANG_WARN_OBJC_LITERAL_CONVERSION = YES;
				CLANG_WARN_OBJC_ROOT_CLASS = YES_ERROR;
				CLANG_WARN_RANGE_LOOP_ANALYSIS = YES;
				CLANG_WARN_STRICT_PROTOTYPES = YES;
				CLANG_WARN_SUSPICIOUS_MOVE = YES;
				CLANG_WARN_UNGUARDED_AVAILABILITY = YES_AGGRESSIVE;
				CLANG_WARN_UNREACHABLE_CODE = YES;
				CLANG_WARN__DUPLICATE_METHOD_MATCH = YES;
				CODE_SIGN_IDENTITY = "iPhone Developer";
				COPY_PHASE_STRIP = NO;
				DEBUG_INFORMATION_FORMAT = dwarf;
				ENABLE_STRICT_OBJC_MSGSEND = YES;
				ENABLE_TESTABILITY = YES;
				GCC_C_LANGUAGE_STANDARD = gnu11;
				GCC_DYNAMIC_NO_PIC = NO;
				GCC_NO_COMMON_BLOCKS = YES;
				GCC_OPTIMIZATION_LEVEL = 0;
				GCC_PREPROCESSOR_DEFINITIONS = (
					"DEBUG=1",
					"$(inherited)",
				);
				GCC_WARN_64_TO_32_BIT_CONVERSION = YES;
				GCC_WARN_ABOUT_RETURN_TYPE = YES_ERROR;
				GCC_WARN_UNDECLARED_SELECTOR = YES;
				GCC_WARN_UNINITIALIZED_AUTOS = YES_AGGRESSIVE;
				GCC_WARN_UNUSED_FUNCTION = YES;
				GCC_WARN_UNUSED_VARIABLE = YES;
				IPHONEOS_DEPLOYMENT_TARGET = 11.0;
				MTL_ENABLE_DEBUG_INFO = YES;
				ONLY_ACTIVE_ARCH = YES;
				SDKROOT = iphoneos;
				SWIFT_ACTIVE_COMPILATION_CONDITIONS = DEBUG;
				SWIFT_OPTIMIZATION_LEVEL = "-Onone";
			};
			name = Debug;
		};
		7511B5DD1FA863AA0056A115 /* Release */ = {
			isa = XCBuildConfiguration;
			buildSettings = {
				ALWAYS_SEARCH_USER_PATHS = NO;
				CLANG_ANALYZER_NONNULL = YES;
				CLANG_ANALYZER_NUMBER_OBJECT_CONVERSION = YES_AGGRESSIVE;
				CLANG_CXX_LANGUAGE_STANDARD = "gnu++14";
				CLANG_CXX_LIBRARY = "libc++";
				CLANG_ENABLE_MODULES = YES;
				CLANG_ENABLE_OBJC_ARC = YES;
				CLANG_WARN_BLOCK_CAPTURE_AUTORELEASING = YES;
				CLANG_WARN_BOOL_CONVERSION = YES;
				CLANG_WARN_COMMA = YES;
				CLANG_WARN_CONSTANT_CONVERSION = YES;
				CLANG_WARN_DIRECT_OBJC_ISA_USAGE = YES_ERROR;
				CLANG_WARN_DOCUMENTATION_COMMENTS = YES;
				CLANG_WARN_EMPTY_BODY = YES;
				CLANG_WARN_ENUM_CONVERSION = YES;
				CLANG_WARN_INFINITE_RECURSION = YES;
				CLANG_WARN_INT_CONVERSION = YES;
				CLANG_WARN_NON_LITERAL_NULL_CONVERSION = YES;
				CLANG_WARN_OBJC_LITERAL_CONVERSION = YES;
				CLANG_WARN_OBJC_ROOT_CLASS = YES_ERROR;
				CLANG_WARN_RANGE_LOOP_ANALYSIS = YES;
				CLANG_WARN_STRICT_PROTOTYPES = YES;
				CLANG_WARN_SUSPICIOUS_MOVE = YES;
				CLANG_WARN_UNGUARDED_AVAILABILITY = YES_AGGRESSIVE;
				CLANG_WARN_UNREACHABLE_CODE = YES;
				CLANG_WARN__DUPLICATE_METHOD_MATCH = YES;
				CODE_SIGN_IDENTITY = "iPhone Developer";
				COPY_PHASE_STRIP = NO;
				DEBUG_INFORMATION_FORMAT = "dwarf-with-dsym";
				ENABLE_NS_ASSERTIONS = NO;
				ENABLE_STRICT_OBJC_MSGSEND = YES;
				GCC_C_LANGUAGE_STANDARD = gnu11;
				GCC_NO_COMMON_BLOCKS = YES;
				GCC_WARN_64_TO_32_BIT_CONVERSION = YES;
				GCC_WARN_ABOUT_RETURN_TYPE = YES_ERROR;
				GCC_WARN_UNDECLARED_SELECTOR = YES;
				GCC_WARN_UNINITIALIZED_AUTOS = YES_AGGRESSIVE;
				GCC_WARN_UNUSED_FUNCTION = YES;
				GCC_WARN_UNUSED_VARIABLE = YES;
				IPHONEOS_DEPLOYMENT_TARGET = 11.0;
				MTL_ENABLE_DEBUG_INFO = NO;
				SDKROOT = iphoneos;
				SWIFT_OPTIMIZATION_LEVEL = "-Owholemodule";
				VALIDATE_PRODUCT = YES;
			};
			name = Release;
		};
		7511B5DF1FA863AA0056A115 /* Debug */ = {
			isa = XCBuildConfiguration;
			buildSettings = {
				ASSETCATALOG_COMPILER_APPICON_NAME = AppIcon;
				CODE_SIGN_STYLE = Automatic;
				DEVELOPMENT_TEAM = A5L53HFU7F;
				INFOPLIST_FILE = DivaNails2/Info.plist;
				LD_RUNPATH_SEARCH_PATHS = "$(inherited) @executable_path/Frameworks";
				PRODUCT_BUNDLE_IDENTIFIER = test.DivaNails2;
				PRODUCT_NAME = "$(TARGET_NAME)";
				SWIFT_VERSION = 4.0;
				TARGETED_DEVICE_FAMILY = "1,2";
			};
			name = Debug;
		};
		7511B5E01FA863AA0056A115 /* Release */ = {
			isa = XCBuildConfiguration;
			buildSettings = {
				ASSETCATALOG_COMPILER_APPICON_NAME = AppIcon;
				CODE_SIGN_STYLE = Automatic;
				DEVELOPMENT_TEAM = A5L53HFU7F;
				INFOPLIST_FILE = DivaNails2/Info.plist;
				LD_RUNPATH_SEARCH_PATHS = "$(inherited) @executable_path/Frameworks";
				PRODUCT_BUNDLE_IDENTIFIER = test.DivaNails2;
				PRODUCT_NAME = "$(TARGET_NAME)";
				SWIFT_VERSION = 4.0;
				TARGETED_DEVICE_FAMILY = "1,2";
			};
			name = Release;
		};
		7511B5E21FA863AA0056A115 /* Debug */ = {
			isa = XCBuildConfiguration;
			buildSettings = {
				ALWAYS_EMBED_SWIFT_STANDARD_LIBRARIES = YES;
				BUNDLE_LOADER = "$(TEST_HOST)";
				CODE_SIGN_STYLE = Automatic;
				INFOPLIST_FILE = DivaNails2Tests/Info.plist;
				LD_RUNPATH_SEARCH_PATHS = "$(inherited) @executable_path/Frameworks @loader_path/Frameworks";
				PRODUCT_BUNDLE_IDENTIFIER = test.DivaNails2Tests;
				PRODUCT_NAME = "$(TARGET_NAME)";
				SWIFT_VERSION = 4.0;
				TARGETED_DEVICE_FAMILY = "1,2";
				TEST_HOST = "$(BUILT_PRODUCTS_DIR)/ThinkNails.app/ThinkNails";
			};
			name = Debug;
		};
		7511B5E31FA863AA0056A115 /* Release */ = {
			isa = XCBuildConfiguration;
			buildSettings = {
				ALWAYS_EMBED_SWIFT_STANDARD_LIBRARIES = YES;
				BUNDLE_LOADER = "$(TEST_HOST)";
				CODE_SIGN_STYLE = Automatic;
				INFOPLIST_FILE = DivaNails2Tests/Info.plist;
				LD_RUNPATH_SEARCH_PATHS = "$(inherited) @executable_path/Frameworks @loader_path/Frameworks";
				PRODUCT_BUNDLE_IDENTIFIER = test.DivaNails2Tests;
				PRODUCT_NAME = "$(TARGET_NAME)";
				SWIFT_VERSION = 4.0;
				TARGETED_DEVICE_FAMILY = "1,2";
				TEST_HOST = "$(BUILT_PRODUCTS_DIR)/ThinkNails.app/ThinkNails";
			};
			name = Release;
		};
		7511B5E51FA863AA0056A115 /* Debug */ = {
			isa = XCBuildConfiguration;
			buildSettings = {
				ALWAYS_EMBED_SWIFT_STANDARD_LIBRARIES = YES;
				CODE_SIGN_STYLE = Automatic;
				INFOPLIST_FILE = DivaNails2UITests/Info.plist;
				LD_RUNPATH_SEARCH_PATHS = "$(inherited) @executable_path/Frameworks @loader_path/Frameworks";
				PRODUCT_BUNDLE_IDENTIFIER = test.DivaNails2UITests;
				PRODUCT_NAME = "$(TARGET_NAME)";
				SWIFT_VERSION = 4.0;
				TARGETED_DEVICE_FAMILY = "1,2";
				TEST_TARGET_NAME = DivaNails2;
			};
			name = Debug;
		};
		7511B5E61FA863AA0056A115 /* Release */ = {
			isa = XCBuildConfiguration;
			buildSettings = {
				ALWAYS_EMBED_SWIFT_STANDARD_LIBRARIES = YES;
				CODE_SIGN_STYLE = Automatic;
				INFOPLIST_FILE = DivaNails2UITests/Info.plist;
				LD_RUNPATH_SEARCH_PATHS = "$(inherited) @executable_path/Frameworks @loader_path/Frameworks";
				PRODUCT_BUNDLE_IDENTIFIER = test.DivaNails2UITests;
				PRODUCT_NAME = "$(TARGET_NAME)";
				SWIFT_VERSION = 4.0;
				TARGETED_DEVICE_FAMILY = "1,2";
				TEST_TARGET_NAME = DivaNails2;
			};
			name = Release;
		};
/* End XCBuildConfiguration section */

/* Begin XCConfigurationList section */
		7511B5B11FA863AA0056A115 /* Build configuration list for PBXProject "ThinkNails" */ = {
			isa = XCConfigurationList;
			buildConfigurations = (
				7511B5DC1FA863AA0056A115 /* Debug */,
				7511B5DD1FA863AA0056A115 /* Release */,
			);
			defaultConfigurationIsVisible = 0;
			defaultConfigurationName = Release;
		};
		7511B5DE1FA863AA0056A115 /* Build configuration list for PBXNativeTarget "ThinkNails" */ = {
			isa = XCConfigurationList;
			buildConfigurations = (
				7511B5DF1FA863AA0056A115 /* Debug */,
				7511B5E01FA863AA0056A115 /* Release */,
			);
			defaultConfigurationIsVisible = 0;
			defaultConfigurationName = Release;
		};
		7511B5E11FA863AA0056A115 /* Build configuration list for PBXNativeTarget "ThinkNailsTests" */ = {
			isa = XCConfigurationList;
			buildConfigurations = (
				7511B5E21FA863AA0056A115 /* Debug */,
				7511B5E31FA863AA0056A115 /* Release */,
			);
			defaultConfigurationIsVisible = 0;
			defaultConfigurationName = Release;
		};
		7511B5E41FA863AA0056A115 /* Build configuration list for PBXNativeTarget "ThinkNailsUITests" */ = {
			isa = XCConfigurationList;
			buildConfigurations = (
				7511B5E51FA863AA0056A115 /* Debug */,
				7511B5E61FA863AA0056A115 /* Release */,
			);
			defaultConfigurationIsVisible = 0;
			defaultConfigurationName = Release;
		};
/* End XCConfigurationList section */
	};
	rootObject = 7511B5AE1FA863AA0056A115 /* Project object */;
}
